// !$*UTF8*$!
{
	archiveVersion = 1;
	classes = {
	};
	objectVersion = 50;
	objects = {

/* Begin PBXBuildFile section */
		B548027D234FADEF00FBCF48 /* AppDelegate.swift in Sources */ = {isa = PBXBuildFile; fileRef = B548027C234FADEF00FBCF48 /* AppDelegate.swift */; };
		B548027F234FADEF00FBCF48 /* SceneDelegate.swift in Sources */ = {isa = PBXBuildFile; fileRef = B548027E234FADEF00FBCF48 /* SceneDelegate.swift */; };
		B5480281234FADEF00FBCF48 /* ViewController.swift in Sources */ = {isa = PBXBuildFile; fileRef = B5480280234FADEF00FBCF48 /* ViewController.swift */; };
		B5480284234FADEF00FBCF48 /* Main.storyboard in Resources */ = {isa = PBXBuildFile; fileRef = B5480282234FADEF00FBCF48 /* Main.storyboard */; };
		B5480286234FADF000FBCF48 /* Assets.xcassets in Resources */ = {isa = PBXBuildFile; fileRef = B5480285234FADF000FBCF48 /* Assets.xcassets */; };
		B5480289234FADF000FBCF48 /* LaunchScreen.storyboard in Resources */ = {isa = PBXBuildFile; fileRef = B5480287234FADF000FBCF48 /* LaunchScreen.storyboard */; };
		B5480291234FB65100FBCF48 /* PlayersViewController.swift in Sources */ = {isa = PBXBuildFile; fileRef = B5480290234FB65100FBCF48 /* PlayersViewController.swift */; };
		B5480293234FB71200FBCF48 /* Player.swift in Sources */ = {isa = PBXBuildFile; fileRef = B5480292234FB71200FBCF48 /* Player.swift */; };
		B5480295234FB74300FBCF48 /* SampleData.swift in Sources */ = {isa = PBXBuildFile; fileRef = B5480294234FB74300FBCF48 /* SampleData.swift */; };
		B548029B234FD01F00FBCF48 /* PlayerCell.swift in Sources */ = {isa = PBXBuildFile; fileRef = B548029A234FD01F00FBCF48 /* PlayerCell.swift */; };
		B548029D234FE10300FBCF48 /* PlayerDetailsViewController.swift in Sources */ = {isa = PBXBuildFile; fileRef = B548029C234FE10300FBCF48 /* PlayerDetailsViewController.swift */; };
		B548029F234FF5A700FBCF48 /* GamePickerTableViewController.swift in Sources */ = {isa = PBXBuildFile; fileRef = B548029E234FF5A700FBCF48 /* GamePickerTableViewController.swift */; };
/* End PBXBuildFile section */

/* Begin PBXFileReference section */
		B5480279234FADEF00FBCF48 /* Ratings.app */ = {isa = PBXFileReference; explicitFileType = wrapper.application; includeInIndex = 0; path = Ratings.app; sourceTree = BUILT_PRODUCTS_DIR; };
		B548027C234FADEF00FBCF48 /* AppDelegate.swift */ = {isa = PBXFileReference; lastKnownFileType = sourcecode.swift; path = AppDelegate.swift; sourceTree = "<group>"; };
		B548027E234FADEF00FBCF48 /* SceneDelegate.swift */ = {isa = PBXFileReference; lastKnownFileType = sourcecode.swift; path = SceneDelegate.swift; sourceTree = "<group>"; };
		B5480280234FADEF00FBCF48 /* ViewController.swift */ = {isa = PBXFileReference; lastKnownFileType = sourcecode.swift; path = ViewController.swift; sourceTree = "<group>"; };
		B5480283234FADEF00FBCF48 /* Base */ = {isa = PBXFileReference; lastKnownFileType = file.storyboard; name = Base; path = Base.lproj/Main.storyboard; sourceTree = "<group>"; };
		B5480285234FADF000FBCF48 /* Assets.xcassets */ = {isa = PBXFileReference; lastKnownFileType = folder.assetcatalog; path = Assets.xcassets; sourceTree = "<group>"; };
		B5480288234FADF000FBCF48 /* Base */ = {isa = PBXFileReference; lastKnownFileType = file.storyboard; name = Base; path = Base.lproj/LaunchScreen.storyboard; sourceTree = "<group>"; };
		B548028A234FADF000FBCF48 /* Info.plist */ = {isa = PBXFileReference; lastKnownFileType = text.plist.xml; path = Info.plist; sourceTree = "<group>"; };
		B5480290234FB65100FBCF48 /* PlayersViewController.swift */ = {isa = PBXFileReference; lastKnownFileType = sourcecode.swift; path = PlayersViewController.swift; sourceTree = "<group>"; };
		B5480292234FB71200FBCF48 /* Player.swift */ = {isa = PBXFileReference; lastKnownFileType = sourcecode.swift; path = Player.swift; sourceTree = "<group>"; };
		B5480294234FB74300FBCF48 /* SampleData.swift */ = {isa = PBXFileReference; lastKnownFileType = sourcecode.swift; path = SampleData.swift; sourceTree = "<group>"; };
		B548029A234FD01F00FBCF48 /* PlayerCell.swift */ = {isa = PBXFileReference; lastKnownFileType = sourcecode.swift; path = PlayerCell.swift; sourceTree = "<group>"; };
		B548029C234FE10300FBCF48 /* PlayerDetailsViewController.swift */ = {isa = PBXFileReference; lastKnownFileType = sourcecode.swift; path = PlayerDetailsViewController.swift; sourceTree = "<group>"; };
		B548029E234FF5A700FBCF48 /* GamePickerTableViewController.swift */ = {isa = PBXFileReference; lastKnownFileType = sourcecode.swift; path = GamePickerTableViewController.swift; sourceTree = "<group>"; };
/* End PBXFileReference section */

/* Begin PBXFrameworksBuildPhase section */
		B5480276234FADEF00FBCF48 /* Frameworks */ = {
			isa = PBXFrameworksBuildPhase;
			buildActionMask = 2147483647;
			files = (
			);
			runOnlyForDeploymentPostprocessing = 0;
		};
/* End PBXFrameworksBuildPhase section */

/* Begin PBXGroup section */
		B5480270234FADEF00FBCF48 = {
			isa = PBXGroup;
			children = (
				B548027B234FADEF00FBCF48 /* Ratings */,
				B548027A234FADEF00FBCF48 /* Products */,
			);
			sourceTree = "<group>";
		};
		B548027A234FADEF00FBCF48 /* Products */ = {
			isa = PBXGroup;
			children = (
				B5480279234FADEF00FBCF48 /* Ratings.app */,
			);
			name = Products;
			sourceTree = "<group>";
		};
		B548027B234FADEF00FBCF48 /* Ratings */ = {
			isa = PBXGroup;
			children = (
				B548027C234FADEF00FBCF48 /* AppDelegate.swift */,
				B548029A234FD01F00FBCF48 /* PlayerCell.swift */,
				B548027E234FADEF00FBCF48 /* SceneDelegate.swift */,
				B5480280234FADEF00FBCF48 /* ViewController.swift */,
				B5480282234FADEF00FBCF48 /* Main.storyboard */,
				B548029E234FF5A700FBCF48 /* GamePickerTableViewController.swift */,
				B548029C234FE10300FBCF48 /* PlayerDetailsViewController.swift */,
				B5480292234FB71200FBCF48 /* Player.swift */,
				B5480294234FB74300FBCF48 /* SampleData.swift */,
				B5480290234FB65100FBCF48 /* PlayersViewController.swift */,
				B5480285234FADF000FBCF48 /* Assets.xcassets */,
				B5480287234FADF000FBCF48 /* LaunchScreen.storyboard */,
				B548028A234FADF000FBCF48 /* Info.plist */,
			);
			path = Ratings;
			sourceTree = "<group>";
		};
/* End PBXGroup section */

/* Begin PBXNativeTarget section */
		B5480278234FADEF00FBCF48 /* Ratings */ = {
			isa = PBXNativeTarget;
			buildConfigurationList = B548028D234FADF000FBCF48 /* Build configuration list for PBXNativeTarget "Ratings" */;
			buildPhases = (
				B5480275234FADEF00FBCF48 /* Sources */,
				B5480276234FADEF00FBCF48 /* Frameworks */,
				B5480277234FADEF00FBCF48 /* Resources */,
			);
			buildRules = (
			);
			dependencies = (
			);
			name = Ratings;
			productName = Ratings;
			productReference = B5480279234FADEF00FBCF48 /* Ratings.app */;
			productType = "com.apple.product-type.application";
		};
/* End PBXNativeTarget section */

/* Begin PBXProject section */
		B5480271234FADEF00FBCF48 /* Project object */ = {
			isa = PBXProject;
			attributes = {
				LastSwiftUpdateCheck = 1110;
				LastUpgradeCheck = 1110;
				ORGANIZATIONNAME = Naroh;
				TargetAttributes = {
					B5480278234FADEF00FBCF48 = {
						CreatedOnToolsVersion = 11.1;
					};
				};
			};
			buildConfigurationList = B5480274234FADEF00FBCF48 /* Build configuration list for PBXProject "Ratings" */;
			compatibilityVersion = "Xcode 9.3";
			developmentRegion = en;
			hasScannedForEncodings = 0;
			knownRegions = (
				en,
				Base,
			);
			mainGroup = B5480270234FADEF00FBCF48;
			productRefGroup = B548027A234FADEF00FBCF48 /* Products */;
			projectDirPath = "";
			projectRoot = "";
			targets = (
				B5480278234FADEF00FBCF48 /* Ratings */,
			);
		};
/* End PBXProject section */

/* Begin PBXResourcesBuildPhase section */
		B5480277234FADEF00FBCF48 /* Resources */ = {
			isa = PBXResourcesBuildPhase;
			buildActionMask = 2147483647;
			files = (
				B5480289234FADF000FBCF48 /* LaunchScreen.storyboard in Resources */,
				B5480286234FADF000FBCF48 /* Assets.xcassets in Resources */,
				B5480284234FADEF00FBCF48 /* Main.storyboard in Resources */,
			);
			runOnlyForDeploymentPostprocessing = 0;
		};
/* End PBXResourcesBuildPhase section */

/* Begin PBXSourcesBuildPhase section */
		B5480275234FADEF00FBCF48 /* Sources */ = {
			isa = PBXSourcesBuildPhase;
			buildActionMask = 2147483647;
			files = (
				B5480281234FADEF00FBCF48 /* ViewController.swift in Sources */,
				B5480295234FB74300FBCF48 /* SampleData.swift in Sources */,
				B548029D234FE10300FBCF48 /* PlayerDetailsViewController.swift in Sources */,
				B548029F234FF5A700FBCF48 /* GamePickerTableViewController.swift in Sources */,
				B548029B234FD01F00FBCF48 /* PlayerCell.swift in Sources */,
				B5480291234FB65100FBCF48 /* PlayersViewController.swift in Sources */,
				B548027D234FADEF00FBCF48 /* AppDelegate.swift in Sources */,
				B5480293234FB71200FBCF48 /* Player.swift in Sources */,
				B548027F234FADEF00FBCF48 /* SceneDelegate.swift in Sources */,
			);
			runOnlyForDeploymentPostprocessing = 0;
		};
/* End PBXSourcesBuildPhase section */

/* Begin PBXVariantGroup section */
		B5480282234FADEF00FBCF48 /* Main.storyboard */ = {
			isa = PBXVariantGroup;
			children = (
				B5480283234FADEF00FBCF48 /* Base */,
			);
			name = Main.storyboard;
			sourceTree = "<group>";
		};
		B5480287234FADF000FBCF48 /* LaunchScreen.storyboard */ = {
			isa = PBXVariantGroup;
			children = (
				B5480288234FADF000FBCF48 /* Base */,
			);
			name = LaunchScreen.storyboard;
			sourceTree = "<group>";
		};
/* End PBXVariantGroup section */

/* Begin XCBuildConfiguration section */
		B548028B234FADF000FBCF48 /* Debug */ = {
			isa = XCBuildConfiguration;
			buildSettings = {
				ALWAYS_SEARCH_USER_PATHS = NO;
				CLANG_ANALYZER_NONNULL = YES;
				CLANG_ANALYZER_NUMBER_OBJECT_CONVERSION = YES_AGGRESSIVE;
				CLANG_CXX_LANGUAGE_STANDARD = "gnu++14";
				CLANG_CXX_LIBRARY = "libc++";
				CLANG_ENABLE_MODULES = YES;
				CLANG_ENABLE_OBJC_ARC = YES;
				CLANG_ENABLE_OBJC_WEAK = YES;
				CLANG_WARN_BLOCK_CAPTURE_AUTORELEASING = YES;
				CLANG_WARN_BOOL_CONVERSION = YES;
				CLANG_WARN_COMMA = YES;
				CLANG_WARN_CONSTANT_CONVERSION = YES;
				CLANG_WARN_DEPRECATED_OBJC_IMPLEMENTATIONS = YES;
				CLANG_WARN_DIRECT_OBJC_ISA_USAGE = YES_ERROR;
				CLANG_WARN_DOCUMENTATION_COMMENTS = YES;
				CLANG_WARN_EMPTY_BODY = YES;
				CLANG_WARN_ENUM_CONVERSION = YES;
				CLANG_WARN_INFINITE_RECURSION = YES;
				CLANG_WARN_INT_CONVERSION = YES;
				CLANG_WARN_NON_LITERAL_NULL_CONVERSION = YES;
				CLANG_WARN_OBJC_IMPLICIT_RETAIN_SELF = YES;
				CLANG_WARN_OBJC_LITERAL_CONVERSION = YES;
				CLANG_WARN_OBJC_ROOT_CLASS = YES_ERROR;
				CLANG_WARN_RANGE_LOOP_ANALYSIS = YES;
				CLANG_WARN_STRICT_PROTOTYPES = YES;
				CLANG_WARN_SUSPICIOUS_MOVE = YES;
				CLANG_WARN_UNGUARDED_AVAILABILITY = YES_AGGRESSIVE;
				CLANG_WARN_UNREACHABLE_CODE = YES;
				CLANG_WARN__DUPLICATE_METHOD_MATCH = YES;
				COPY_PHASE_STRIP = NO;
				DEBUG_INFORMATION_FORMAT = dwarf;
				ENABLE_STRICT_OBJC_MSGSEND = YES;
				ENABLE_TESTABILITY = YES;
				GCC_C_LANGUAGE_STANDARD = gnu11;
				GCC_DYNAMIC_NO_PIC = NO;
				GCC_NO_COMMON_BLOCKS = YES;
				GCC_OPTIMIZATION_LEVEL = 0;
				GCC_PREPROCESSOR_DEFINITIONS = (
					"DEBUG=1",
					"$(inherited)",
				);
				GCC_WARN_64_TO_32_BIT_CONVERSION = YES;
				GCC_WARN_ABOUT_RETURN_TYPE = YES_ERROR;
				GCC_WARN_UNDECLARED_SELECTOR = YES;
				GCC_WARN_UNINITIALIZED_AUTOS = YES_AGGRESSIVE;
				GCC_WARN_UNUSED_FUNCTION = YES;
				GCC_WARN_UNUSED_VARIABLE = YES;
				IPHONEOS_DEPLOYMENT_TARGET = 13.1;
				MTL_ENABLE_DEBUG_INFO = INCLUDE_SOURCE;
				MTL_FAST_MATH = YES;
				ONLY_ACTIVE_ARCH = YES;
				SDKROOT = iphoneos;
				SWIFT_ACTIVE_COMPILATION_CONDITIONS = DEBUG;
				SWIFT_OPTIMIZATION_LEVEL = "-Onone";
			};
			name = Debug;
		};
		B548028C234FADF000FBCF48 /* Release */ = {
			isa = XCBuildConfiguration;
			buildSettings = {
				ALWAYS_SEARCH_USER_PATHS = NO;
				CLANG_ANALYZER_NONNULL = YES;
				CLANG_ANALYZER_NUMBER_OBJECT_CONVERSION = YES_AGGRESSIVE;
				CLANG_CXX_LANGUAGE_STANDARD = "gnu++14";
				CLANG_CXX_LIBRARY = "libc++";
				CLANG_ENABLE_MODULES = YES;
				CLANG_ENABLE_OBJC_ARC = YES;
				CLANG_ENABLE_OBJC_WEAK = YES;
				CLANG_WARN_BLOCK_CAPTURE_AUTORELEASING = YES;
				CLANG_WARN_BOOL_CONVERSION = YES;
				CLANG_WARN_COMMA = YES;
				CLANG_WARN_CONSTANT_CONVERSION = YES;
				CLANG_WARN_DEPRECATED_OBJC_IMPLEMENTATIONS = YES;
				CLANG_WARN_DIRECT_OBJC_ISA_USAGE = YES_ERROR;
				CLANG_WARN_DOCUMENTATION_COMMENTS = YES;
				CLANG_WARN_EMPTY_BODY = YES;
				CLANG_WARN_ENUM_CONVERSION = YES;
				CLANG_WARN_INFINITE_RECURSION = YES;
				CLANG_WARN_INT_CONVERSION = YES;
				CLANG_WARN_NON_LITERAL_NULL_CONVERSION = YES;
				CLANG_WARN_OBJC_IMPLICIT_RETAIN_SELF = YES;
				CLANG_WARN_OBJC_LITERAL_CONVERSION = YES;
				CLANG_WARN_OBJC_ROOT_CLASS = YES_ERROR;
				CLANG_WARN_RANGE_LOOP_ANALYSIS = YES;
				CLANG_WARN_STRICT_PROTOTYPES = YES;
				CLANG_WARN_SUSPICIOUS_MOVE = YES;
				CLANG_WARN_UNGUARDED_AVAILABILITY = YES_AGGRESSIVE;
				CLANG_WARN_UNREACHABLE_CODE = YES;
				CLANG_WARN__DUPLICATE_METHOD_MATCH = YES;
				COPY_PHASE_STRIP = NO;
				DEBUG_INFORMATION_FORMAT = "dwarf-with-dsym";
				ENABLE_NS_ASSERTIONS = NO;
				ENABLE_STRICT_OBJC_MSGSEND = YES;
				GCC_C_LANGUAGE_STANDARD = gnu11;
				GCC_NO_COMMON_BLOCKS = YES;
				GCC_WARN_64_TO_32_BIT_CONVERSION = YES;
				GCC_WARN_ABOUT_RETURN_TYPE = YES_ERROR;
				GCC_WARN_UNDECLARED_SELECTOR = YES;
				GCC_WARN_UNINITIALIZED_AUTOS = YES_AGGRESSIVE;
				GCC_WARN_UNUSED_FUNCTION = YES;
				GCC_WARN_UNUSED_VARIABLE = YES;
				IPHONEOS_DEPLOYMENT_TARGET = 13.1;
				MTL_ENABLE_DEBUG_INFO = NO;
				MTL_FAST_MATH = YES;
				SDKROOT = iphoneos;
				SWIFT_COMPILATION_MODE = wholemodule;
				SWIFT_OPTIMIZATION_LEVEL = "-O";
				VALIDATE_PRODUCT = YES;
			};
			name = Release;
		};
		B548028E234FADF000FBCF48 /* Debug */ = {
			isa = XCBuildConfiguration;
			buildSettings = {
				ASSETCATALOG_COMPILER_APPICON_NAME = AppIcon;
				CODE_SIGN_STYLE = Automatic;
				INFOPLIST_FILE = Ratings/Info.plist;
				LD_RUNPATH_SEARCH_PATHS = (
					"$(inherited)",
					"@executable_path/Frameworks",
				);
				PRODUCT_BUNDLE_IDENTIFIER = com.Naroh.Ratings;
				PRODUCT_NAME = "$(TARGET_NAME)";
				SWIFT_VERSION = 5.0;
				TARGETED_DEVICE_FAMILY = "1,2";
			};
			name = Debug;
		};
		B548028F234FADF000FBCF48 /* Release */ = {
			isa = XCBuildConfiguration;
			buildSettings = {
				ASSETCATALOG_COMPILER_APPICON_NAME = AppIcon;
				CODE_SIGN_STYLE = Automatic;
				INFOPLIST_FILE = Ratings/Info.plist;
				LD_RUNPATH_SEARCH_PATHS = (
					"$(inherited)",
					"@executable_path/Frameworks",
				);
				PRODUCT_BUNDLE_IDENTIFIER = com.Naroh.Ratings;
				PRODUCT_NAME = "$(TARGET_NAME)";
				SWIFT_VERSION = 5.0;
				TARGETED_DEVICE_FAMILY = "1,2";
			};
			name = Release;
		};
/* End XCBuildConfiguration section */

/* Begin XCConfigurationList section */
		B5480274234FADEF00FBCF48 /* Build configuration list for PBXProject "Ratings" */ = {
			isa = XCConfigurationList;
			buildConfigurations = (
				B548028B234FADF000FBCF48 /* Debug */,
				B548028C234FADF000FBCF48 /* Release */,
			);
			defaultConfigurationIsVisible = 0;
			defaultConfigurationName = Release;
		};
		B548028D234FADF000FBCF48 /* Build configuration list for PBXNativeTarget "Ratings" */ = {
			isa = XCConfigurationList;
			buildConfigurations = (
				B548028E234FADF000FBCF48 /* Debug */,
				B548028F234FADF000FBCF48 /* Release */,
			);
			defaultConfigurationIsVisible = 0;
			defaultConfigurationName = Release;
		};
/* End XCConfigurationList section */
	};
	rootObject = B5480271234FADEF00FBCF48 /* Project object */;
}
